
Microsoft Visual Studio Solution File, Format Version 12.00
# Visual Studio Version 16
VisualStudioVersion = 16.0.32228.343
MinimumVisualStudioVersion = 10.0.40219.1
Project("{2150E333-8FDC-42A3-9474-1A3956D46DE8}") = "Globbing examples", "Globbing examples", "{8C5DB7A7-B780-476A-8FA3-F409BDA58796}"
EndProject
Project("{9A19103F-16F7-4668-BE54-9A1E7A4F7556}") = "WindowsFormsLibrary", "WindowsFormsLibrary\WindowsFormsLibrary.csproj", "{231F5146-1960-4A6B-9C2D-A0FB856CA10B}"
EndProject
Project("{9A19103F-16F7-4668-BE54-9A1E7A4F7556}") = "DirectoryHelpersLibrary", "DirectoryHelpersLibrary\DirectoryHelpersLibrary.csproj", "{255609EF-9A02-4004-8C41-DC531CCEEB13}"
EndProject
Project("{9A19103F-16F7-4668-BE54-9A1E7A4F7556}") = "GlobbingProject", "GlobbingProject\GlobbingProject.csproj", "{E89374DA-797D-46A3-9A93-3A7DFEA8DA7D}"
EndProject
Project("{9A19103F-16F7-4668-BE54-9A1E7A4F7556}") = "GlobbingUnitTest", "GlobbingUnitTest\GlobbingUnitTest.csproj", "{AD63AFD6-ACE8-4CBD-AFDC-2E9FA74A12D8}"
EndProject
Project("{2150E333-8FDC-42A3-9474-1A3956D46DE8}") = "Solution Items", "Solution Items", "{CBBE8DB9-E452-448D-93A7-9589DDBA6C95}"
	ProjectSection(SolutionItems) = preProject
		C-Sharp-Cheatsheet.md = C-Sharp-Cheatsheet.md
		KeyboardShortcuts.md = KeyboardShortcuts.md
		NavigatingCode.md = NavigatingCode.md
		NavigatingVisualStudio.md = NavigatingVisualStudio.md
		ProjectTemplates.md = ProjectTemplates.md
		readme.md = readme.md
		StartCoding.md = StartCoding.md
		VisualStudioSettings.md = VisualStudioSettings.md
	EndProjectSection
EndProject
Project("{2150E333-8FDC-42A3-9474-1A3956D46DE8}") = "Namespaces", "Namespaces", "{46BFC615-34BA-4692-9201-74C90E375B78}"
EndProject
Project("{2150E333-8FDC-42A3-9474-1A3956D46DE8}") = "Shared Libraries", "Shared Libraries", "{1E6AF5C7-83F9-41AD-A892-F430368071A5}"
EndProject
Project("{9A19103F-16F7-4668-BE54-9A1E7A4F7556}") = "Oed.ExtensionsLibrary", "Oed.ExtensionsLibrary\Oed.ExtensionsLibrary.csproj", "{3A66DF3C-6ABD-49F1-9688-75BA3C56E222}"
EndProject
Project("{9A19103F-16F7-4668-BE54-9A1E7A4F7556}") = "Oed.Microsoft", "Oed.Microsoft\Oed.Microsoft.csproj", "{49C1B6FD-CC20-47F2-B13D-3095BF50E7B0}"
EndProject
Project("{9A19103F-16F7-4668-BE54-9A1E7A4F7556}") = "Oed.EntityFrameworkCoreHelpers", "Oed.EntityFrameworkCoreHelpers\Oed.EntityFrameworkCoreHelpers.csproj", "{7095024C-7AD2-4ED0-BCA2-A4DAC739B886}"
EndProject
Project("{2150E333-8FDC-42A3-9474-1A3956D46DE8}") = "Entity Framework SQL-Server", "Entity Framework SQL-Server", "{2ED57FC3-E985-4684-AE41-4DB22377B222}"
EndProject
Project("{9A19103F-16F7-4668-BE54-9A1E7A4F7556}") = "NorthWindCoreLibrary", "NorthWindCoreLibrary\NorthWindCoreLibrary.csproj", "{F00D3629-8092-4373-8C76-0258BC379EBD}"
EndProject
Project("{9A19103F-16F7-4668-BE54-9A1E7A4F7556}") = "NorthWindSqlServerUnitTest", "NorthWindSqlServerUnitTest\NorthWindSqlServerUnitTest.csproj", "{C61FFEC0-0A23-4111-9824-213562AD878D}"
EndProject
Project("{2150E333-8FDC-42A3-9474-1A3956D46DE8}") = "Advance topics", "Advance topics", "{07E0FCCD-690F-4477-AAB7-BD46305DD810}"
EndProject
Project("{9A19103F-16F7-4668-BE54-9A1E7A4F7556}") = "InterrogatingConsoleApp", "InterrogatingConsoleApp\InterrogatingConsoleApp.csproj", "{C1067885-1DD3-43C5-955E-3FA54F83EC75}"
EndProject
Project("{FAE04EC0-301F-11D3-BF4B-00C04F79EFBC}") = "SidesMpcConfigurationUtility", "SidesMpcConfigurationUtility\SidesMpcConfigurationUtility.csproj", "{18D7756D-624B-4BA1-B5DC-B872C493B620}"
EndProject
Project("{2150E333-8FDC-42A3-9474-1A3956D46DE8}") = "Frontend projects", "Frontend projects", "{3BC84215-6DCA-417C-8E28-D7AC4F7A4874}"
EndProject
Project("{2150E333-8FDC-42A3-9474-1A3956D46DE8}") = "Libraries", "Libraries", "{5336213B-4A59-4B58-B3E6-5CAB994DEEC2}"
EndProject
Project("{FAE04EC0-301F-11D3-BF4B-00C04F79EFBC}") = "SidesMpcLibrary", "SidesMpcLibrary\SidesMpcLibrary.csproj", "{72E816EA-6D04-4E8B-9D3C-46B23AD2F050}"
EndProject
Project("{2150E333-8FDC-42A3-9474-1A3956D46DE8}") = "Unit test projects", "Unit test projects", "{32E93838-4103-4CE6-B493-A8C0B96DDAA9}"
EndProject
Project("{FAE04EC0-301F-11D3-BF4B-00C04F79EFBC}") = "SidesMpcTestProject", "SidesMpcTestProject\SidesMpcTestProject.csproj", "{726EFED3-6647-40CE-853D-319D9A8D04C4}"
EndProject
Project("{2150E333-8FDC-42A3-9474-1A3956D46DE8}") = "Working with data", "Working with data", "{EF00F23D-ADDB-4BE0-929A-11D79CDBB15F}"
EndProject
Project("{2150E333-8FDC-42A3-9474-1A3956D46DE8}") = "Entity Framework Oracle", "Entity Framework Oracle", "{A424E2D8-6B82-4C3C-BEC2-AC5BB2446547}"
EndProject
Project("{9A19103F-16F7-4668-BE54-9A1E7A4F7556}") = "OracleNorthWindLibrary", "OracleEntityCoreRaw\OracleNorthWindLibrary.csproj", "{A05107FE-DA0D-40DF-8DCE-EB1D6511CE02}"
EndProject
Project("{2150E333-8FDC-42A3-9474-1A3956D46DE8}") = "Class libraries", "Class libraries", "{DB0CC104-F4C9-4B93-86C0-45998637B26F}"
EndProject
Project("{2150E333-8FDC-42A3-9474-1A3956D46DE8}") = "Unit test projects", "Unit test projects", "{DE624685-859D-4E52-9288-4F992D626EA0}"
EndProject
Project("{9A19103F-16F7-4668-BE54-9A1E7A4F7556}") = "OracleEntityFrameworkUnitTest", "OracleEntityFrameworkUnitTest\OracleEntityFrameworkUnitTest.csproj", "{0C927B4D-A745-4744-B4BC-742BE4D38C9B}"
EndProject
Project("{2150E333-8FDC-42A3-9474-1A3956D46DE8}") = "Debugging code", "Debugging code", "{ACE91DCD-67F5-46E1-AD75-BFFAB830C79B}"
EndProject
Project("{FAE04EC0-301F-11D3-BF4B-00C04F79EFBC}") = "DebuggingFiles", "Debugging1\DebuggingFiles.csproj", "{D7F88E9C-0336-4F61-A0E7-4390E9B133B9}"
EndProject
Project("{9A19103F-16F7-4668-BE54-9A1E7A4F7556}") = "CodeSmart", "CodeSmart\CodeSmart.csproj", "{768A80E0-8C17-4C90-BBD3-352A65D7C6D0}"
EndProject
Project("{2150E333-8FDC-42A3-9474-1A3956D46DE8}") = "Smart coding", "Smart coding", "{7C77898A-0548-4C84-ADB3-A5A6ECCA0BFD}"
EndProject
Project("{9A19103F-16F7-4668-BE54-9A1E7A4F7556}") = "AsyncSimple", "AsyncSimple\AsyncSimple.csproj", "{14BF2D64-08A3-4669-8A12-8CD29902E7E4}"
EndProject
Project("{9A19103F-16F7-4668-BE54-9A1E7A4F7556}") = "EnumerationLibrary", "EnumerationLibrary\EnumerationLibrary.csproj", "{C7B80007-2D4F-4DBF-9FD4-B2C2B5FBF237}"
EndProject
Project("{2150E333-8FDC-42A3-9474-1A3956D46DE8}") = "Unit test projects", "Unit test projects", "{B0126122-8F73-4903-9284-0903EB01CCB4}"
EndProject
Project("{9A19103F-16F7-4668-BE54-9A1E7A4F7556}") = "EnumerationsTestProject", "EnumerationsTestProject\EnumerationsTestProject.csproj", "{A124941B-CE96-4C2F-94BF-415196046054}"
EndProject
Project("{2150E333-8FDC-42A3-9474-1A3956D46DE8}") = "Sql-Server  raw", "Sql-Server  raw", "{343C5AF5-FC5A-4DB1-96E4-52B839A823B5}"
EndProject
Project("{9A19103F-16F7-4668-BE54-9A1E7A4F7556}") = "SqlServerVeryBasic", "SqlServerRaw\SqlServerVeryBasic.csproj", "{5C300535-368C-45CF-B0A2-5EDA5E89D544}"
EndProject
Project("{9A19103F-16F7-4668-BE54-9A1E7A4F7556}") = "SqlServerVeryBasicUnitTestProject", "SqlServerVeryBasicUnitTestProject\SqlServerVeryBasicUnitTestProject.csproj", "{FC6929B3-CC07-4B33-BE9D-A39BB317CAA3}"
EndProject
Project("{2150E333-8FDC-42A3-9474-1A3956D46DE8}") = "Oracle raw", "Oracle raw", "{7D4516AD-69AB-472D-89C2-3BECF2A9CBD4}"
EndProject
Project("{9A19103F-16F7-4668-BE54-9A1E7A4F7556}") = "OracleVeryBasicTestProject", "OracleVeryBasicTestProject\OracleVeryBasicTestProject.csproj", "{36F356C7-BAAF-448B-828D-2CA8D3770D9E}"
EndProject
Project("{9A19103F-16F7-4668-BE54-9A1E7A4F7556}") = "OracleVeryBasic", "OracleVeryBasic\OracleVeryBasic.csproj", "{4DFE59F9-F8E6-4194-B90E-56168B1B13E8}"
EndProject
Project("{9A19103F-16F7-4668-BE54-9A1E7A4F7556}") = "Dotnet5Standard", "Dotnet5Standard\Dotnet5Standard.csproj", "{6AF5856D-E9B5-4E3F-A5C7-91A2825F8B40}"
EndProject
Project("{9A19103F-16F7-4668-BE54-9A1E7A4F7556}") = "Dotnet5StandardStealFrom6", "Dotnet5StandardStealFrom6\Dotnet5StandardStealFrom6.csproj", "{7AAAE3D0-EB4F-4061-9B53-E287EE934914}"
EndProject
Project("{2150E333-8FDC-42A3-9474-1A3956D46DE8}") = "Class projects", "Class projects", "{32F1F943-9C4E-4ABE-AC99-D6CC299DB08A}"
EndProject
Project("{2150E333-8FDC-42A3-9474-1A3956D46DE8}") = "Frontend projects", "Frontend projects", "{AAB37360-BE16-41CC-9D61-0882C3874D3C}"
EndProject
Project("{9A19103F-16F7-4668-BE54-9A1E7A4F7556}") = "StealingAndConflicts", "StealingAndConflicts\StealingAndConflicts.csproj", "{0358C548-7182-4E24-93AB-67E736E6FA72}"
EndProject
Project("{9A19103F-16F7-4668-BE54-9A1E7A4F7556}") = "ReturningInformation", "ReturningInformation\ReturningInformation.csproj", "{80B6EDDA-1ECC-4931-BCE7-FEB28A1F403B}"
EndProject
Project("{2150E333-8FDC-42A3-9474-1A3956D46DE8}") = "External class libraries", "External class libraries", "{129206FC-6305-4B04-90FA-B6E61F86EE89}"
EndProject
Project("{9A19103F-16F7-4668-BE54-9A1E7A4F7556}") = "SomeThirdPartyLibrary", "SomeThirdPartyLibrary\SomeThirdPartyLibrary.csproj", "{F2E86507-5BE2-4A61-82C1-BDE719B3B1B6}"
EndProject
Project("{2150E333-8FDC-42A3-9474-1A3956D46DE8}") = "Unit test projects", "Unit test projects", "{8830BD12-6250-4474-9AE4-157C09560AD4}"
EndProject
Project("{9A19103F-16F7-4668-BE54-9A1E7A4F7556}") = "ReturningInformationUnitTestProject", "ReturningInformationUnitTestProject\ReturningInformationUnitTestProject.csproj", "{80908B06-BEA4-4202-B3AD-6F0334F96653}"
EndProject
Project("{2150E333-8FDC-42A3-9474-1A3956D46DE8}") = "Class projects", "Class projects", "{21ABB24C-D0D1-4889-B16B-545492CC2E39}"
EndProject
Project("{2150E333-8FDC-42A3-9474-1A3956D46DE8}") = "Internal class projects", "Internal class projects", "{F75B2A65-B0D8-409B-8454-5478FF3D3A0B}"
EndProject
Project("{9A19103F-16F7-4668-BE54-9A1E7A4F7556}") = "WpfApplicationListViewImage", "WpfYieldIcons\WpfApplicationListViewImage.csproj", "{1663A0E8-793C-44A3-9F41-018181E7A894}"
EndProject
Project("{9A19103F-16F7-4668-BE54-9A1E7A4F7556}") = "SqlServerVeryBasicFormApp", "SqlServerVeryBasicFormApp\SqlServerVeryBasicFormApp.csproj", "{43243E25-9008-427C-8A1A-5D060C73FBC2}"
EndProject
Project("{9A19103F-16F7-4668-BE54-9A1E7A4F7556}") = "ConfigurationLibrary", "Oed.ConfigurationLibrary\ConfigurationLibrary.csproj", "{3E242199-911B-4C0E-B404-CC3FB0F4E3E2}"
EndProject
Project("{2150E333-8FDC-42A3-9474-1A3956D46DE8}") = "Basic topics", "Basic topics", "{F5626574-62C3-4B17-A106-6C09C8FCA9B1}"
EndProject
Project("{9A19103F-16F7-4668-BE54-9A1E7A4F7556}") = "Relational-Pattern-Matching", "Relational-Pattern-Matching\Relational-Pattern-Matching.csproj", "{BD4E60CB-155B-442F-BF61-180E62C8A062}"
EndProject
Project("{2150E333-8FDC-42A3-9474-1A3956D46DE8}") = "Console helpers", "Console helpers", "{B74472AC-AC8A-4446-BDF6-73D28AA701C1}"
EndProject
Project("{9A19103F-16F7-4668-BE54-9A1E7A4F7556}") = "ConsoleHelpers", "ConsoleHelpers\ConsoleHelpers.csproj", "{141A1C86-1F2D-4308-A91B-BDD551DED115}"
EndProject
Project("{9A19103F-16F7-4668-BE54-9A1E7A4F7556}") = "Ranges-examples", "Ranges-examples\Ranges-examples.csproj", "{AFC1DC90-9177-4DB1-9E1B-92BF6C12B6EC}"
EndProject
Project("{2150E333-8FDC-42A3-9474-1A3956D46DE8}") = "Relational", "Relational", "{20E121D3-F09E-4FC9-9469-067EEC4CC388}"
EndProject
Project("{9A19103F-16F7-4668-BE54-9A1E7A4F7556}") = "SwitchExpressions_efcore", "Switches_efcore\SwitchExpressions_efcore.csproj", "{01313A13-6831-4DD4-8CE2-73AF7683849E}"
EndProject
Project("{9A19103F-16F7-4668-BE54-9A1E7A4F7556}") = "Saving", "EF-Core-Local\Saving.csproj", "{CEDF6D61-B2A0-428D-B65E-81632BF2C5FD}"
EndProject
Project("{2150E333-8FDC-42A3-9474-1A3956D46DE8}") = "Comparing objects", "Comparing objects", "{B219CB7F-CDA5-4307-A8DA-5B74B088CD08}"
EndProject
Project("{9A19103F-16F7-4668-BE54-9A1E7A4F7556}") = "JsonLibrary", "ComparingObjects\JsonLibrary\JsonLibrary.csproj", "{445038EA-D26B-4BAE-87F7-57F8512B6A52}"
EndProject
Project("{9A19103F-16F7-4668-BE54-9A1E7A4F7556}") = "ApplicationDataLibrary", "ComparingObjects\ApplicationDataLibrary\ApplicationDataLibrary.csproj", "{A1E64E0B-74E1-4B52-A650-ECA6C5533FBA}"
EndProject
Project("{9A19103F-16F7-4668-BE54-9A1E7A4F7556}") = "ComparingObjectsUnitTest", "ComparingObjects\ComparingObjectsUnitTest\ComparingObjectsUnitTest.csproj", "{B689D2CD-F93A-4CF4-9022-8BA2B16F64F3}"
EndProject
Project("{9A19103F-16F7-4668-BE54-9A1E7A4F7556}") = "OddBall1", "OddBallIntermidiate\OddBall1.csproj", "{CABE6963-3024-4A0D-9386-027A1C34D188}"
EndProject
Project("{9A19103F-16F7-4668-BE54-9A1E7A4F7556}") = "Oed.ExtensionsLibraryTestProject", "Oed.ExtensionsLibraryTestProject\Oed.ExtensionsLibraryTestProject.csproj", "{D496F3FD-75B0-45A9-AEBC-81A305E863C7}"
EndProject
Project("{9A19103F-16F7-4668-BE54-9A1E7A4F7556}") = "WpfApp1", "WpfApp1\WpfApp1.csproj", "{63EC77B5-F11B-493F-9F5B-07EF67CC4012}"
EndProject
Project("{9A19103F-16F7-4668-BE54-9A1E7A4F7556}") = "DataValidatorLibrary", "DataValidatorLibrary\DataValidatorLibrary.csproj", "{0B4E2D33-1AE5-451C-B283-0AFBE8636D7D}"
EndProject
Project("{9A19103F-16F7-4668-BE54-9A1E7A4F7556}") = "SqlCoreUtilityLibrary", "SqlCoreUtilityLibrary\SqlCoreUtilityLibrary.csproj", "{F9D16A71-0174-4578-AF9B-F1F2065DDA44}"
EndProject
Project("{2150E333-8FDC-42A3-9474-1A3956D46DE8}") = "Unit test projects", "Unit test projects", "{A41FD7DC-B4EA-4630-934F-E3B81F646251}"
EndProject
Project("{9A19103F-16F7-4668-BE54-9A1E7A4F7556}") = "DbLibrary", "DbLibrary\DbLibrary.csproj", "{7D363A8D-D03A-4D9F-ACA1-420D31576CFF}"
EndProject
Project("{9A19103F-16F7-4668-BE54-9A1E7A4F7556}") = "SqlWhereInUnitTestProject", "SqlWhereInUnitTestProject\SqlWhereInUnitTestProject.csproj", "{F18A169E-5FC2-45FB-9320-A7562DC01484}"
EndProject
Project("{2150E333-8FDC-42A3-9474-1A3956D46DE8}") = "Karens spot", "Karens spot", "{58CECC69-A7BC-4866-845D-42EFAA34EF1D}"
EndProject
Project("{9A19103F-16F7-4668-BE54-9A1E7A4F7556}") = "BaseOracleCoreConsole", "BaseOracleCoreConsole\BaseOracleCoreConsole.csproj", "{66B93242-BD76-4B56-93E6-E8C21283D18E}"
EndProject
Project("{2150E333-8FDC-42A3-9474-1A3956D46DE8}") = "Collections", "Collections", "{450A562F-0BAF-4D89-B207-6F92568B8A1D}"
EndProject
Project("{9A19103F-16F7-4668-BE54-9A1E7A4F7556}") = "ArrayConsoleApp", "ArrayConsoleApp\ArrayConsoleApp.csproj", "{FA80F494-590E-4667-B128-452C687F012E}"
EndProject
Project("{9A19103F-16F7-4668-BE54-9A1E7A4F7556}") = "VendorsApp", "VendorsApp\VendorsApp.csproj", "{2BADBDF9-73A6-473C-973F-362B81D2E9E8}"
EndProject
Project("{9A19103F-16F7-4668-BE54-9A1E7A4F7556}") = "BasicPatternMatching", "BasicPatternMatching\BasicPatternMatching.csproj", "{7163474D-9FBF-4452-93B1-3FA961B691D8}"
EndProject
Project("{9A19103F-16F7-4668-BE54-9A1E7A4F7556}") = "StartupProject", "StartupProject\StartupProject.csproj", "{84B61A42-DACC-4290-889F-368DF3BE3A22}"
EndProject
Project("{9A19103F-16F7-4668-BE54-9A1E7A4F7556}") = "BaseOracleCoreConsole1", "BaseOracleCoreConsole1\BaseOracleCoreConsole1.csproj", "{04144FD4-A469-4D8B-9E04-DA35A5E992D5}"
EndProject
Project("{FAE04EC0-301F-11D3-BF4B-00C04F79EFBC}") = "NorthWind2022CoreLibrary", "NorthWind2022CoreLibrary\NorthWind2022CoreLibrary.csproj", "{5CBED1F3-43A0-43EC-A258-89947096B7F7}"
EndProject
Project("{FAE04EC0-301F-11D3-BF4B-00C04F79EFBC}") = "NorthWind2022CoreLibraryUnitTest", "NorthWind2022CoreLibraryUnitTest\NorthWind2022CoreLibraryUnitTest.csproj", "{F1E243AE-2141-4273-BD55-EA6EF7D3371B}"
EndProject
Global
	GlobalSection(SolutionConfigurationPlatforms) = preSolution
		Debug|Any CPU = Debug|Any CPU
		Release|Any CPU = Release|Any CPU
	EndGlobalSection
	GlobalSection(ProjectConfigurationPlatforms) = postSolution
		{231F5146-1960-4A6B-9C2D-A0FB856CA10B}.Debug|Any CPU.ActiveCfg = Debug|Any CPU
		{231F5146-1960-4A6B-9C2D-A0FB856CA10B}.Debug|Any CPU.Build.0 = Debug|Any CPU
		{231F5146-1960-4A6B-9C2D-A0FB856CA10B}.Release|Any CPU.ActiveCfg = Release|Any CPU
		{231F5146-1960-4A6B-9C2D-A0FB856CA10B}.Release|Any CPU.Build.0 = Release|Any CPU
		{255609EF-9A02-4004-8C41-DC531CCEEB13}.Debug|Any CPU.ActiveCfg = Debug|Any CPU
		{255609EF-9A02-4004-8C41-DC531CCEEB13}.Debug|Any CPU.Build.0 = Debug|Any CPU
		{255609EF-9A02-4004-8C41-DC531CCEEB13}.Release|Any CPU.ActiveCfg = Release|Any CPU
		{255609EF-9A02-4004-8C41-DC531CCEEB13}.Release|Any CPU.Build.0 = Release|Any CPU
		{E89374DA-797D-46A3-9A93-3A7DFEA8DA7D}.Debug|Any CPU.ActiveCfg = Debug|Any CPU
		{E89374DA-797D-46A3-9A93-3A7DFEA8DA7D}.Debug|Any CPU.Build.0 = Debug|Any CPU
		{E89374DA-797D-46A3-9A93-3A7DFEA8DA7D}.Release|Any CPU.ActiveCfg = Release|Any CPU
		{E89374DA-797D-46A3-9A93-3A7DFEA8DA7D}.Release|Any CPU.Build.0 = Release|Any CPU
		{AD63AFD6-ACE8-4CBD-AFDC-2E9FA74A12D8}.Debug|Any CPU.ActiveCfg = Debug|Any CPU
		{AD63AFD6-ACE8-4CBD-AFDC-2E9FA74A12D8}.Debug|Any CPU.Build.0 = Debug|Any CPU
		{AD63AFD6-ACE8-4CBD-AFDC-2E9FA74A12D8}.Release|Any CPU.ActiveCfg = Release|Any CPU
		{AD63AFD6-ACE8-4CBD-AFDC-2E9FA74A12D8}.Release|Any CPU.Build.0 = Release|Any CPU
		{3A66DF3C-6ABD-49F1-9688-75BA3C56E222}.Debug|Any CPU.ActiveCfg = Debug|Any CPU
		{3A66DF3C-6ABD-49F1-9688-75BA3C56E222}.Debug|Any CPU.Build.0 = Debug|Any CPU
		{3A66DF3C-6ABD-49F1-9688-75BA3C56E222}.Release|Any CPU.ActiveCfg = Release|Any CPU
		{3A66DF3C-6ABD-49F1-9688-75BA3C56E222}.Release|Any CPU.Build.0 = Release|Any CPU
		{49C1B6FD-CC20-47F2-B13D-3095BF50E7B0}.Debug|Any CPU.ActiveCfg = Debug|Any CPU
		{49C1B6FD-CC20-47F2-B13D-3095BF50E7B0}.Debug|Any CPU.Build.0 = Debug|Any CPU
		{49C1B6FD-CC20-47F2-B13D-3095BF50E7B0}.Release|Any CPU.ActiveCfg = Release|Any CPU
		{49C1B6FD-CC20-47F2-B13D-3095BF50E7B0}.Release|Any CPU.Build.0 = Release|Any CPU
		{7095024C-7AD2-4ED0-BCA2-A4DAC739B886}.Debug|Any CPU.ActiveCfg = Debug|Any CPU
		{7095024C-7AD2-4ED0-BCA2-A4DAC739B886}.Debug|Any CPU.Build.0 = Debug|Any CPU
		{7095024C-7AD2-4ED0-BCA2-A4DAC739B886}.Release|Any CPU.ActiveCfg = Release|Any CPU
		{7095024C-7AD2-4ED0-BCA2-A4DAC739B886}.Release|Any CPU.Build.0 = Release|Any CPU
		{F00D3629-8092-4373-8C76-0258BC379EBD}.Debug|Any CPU.ActiveCfg = Debug|Any CPU
		{F00D3629-8092-4373-8C76-0258BC379EBD}.Debug|Any CPU.Build.0 = Debug|Any CPU
		{F00D3629-8092-4373-8C76-0258BC379EBD}.Release|Any CPU.ActiveCfg = Release|Any CPU
		{F00D3629-8092-4373-8C76-0258BC379EBD}.Release|Any CPU.Build.0 = Release|Any CPU
		{C61FFEC0-0A23-4111-9824-213562AD878D}.Debug|Any CPU.ActiveCfg = Debug|Any CPU
		{C61FFEC0-0A23-4111-9824-213562AD878D}.Debug|Any CPU.Build.0 = Debug|Any CPU
		{C61FFEC0-0A23-4111-9824-213562AD878D}.Release|Any CPU.ActiveCfg = Release|Any CPU
		{C61FFEC0-0A23-4111-9824-213562AD878D}.Release|Any CPU.Build.0 = Release|Any CPU
		{C1067885-1DD3-43C5-955E-3FA54F83EC75}.Debug|Any CPU.ActiveCfg = Debug|Any CPU
		{C1067885-1DD3-43C5-955E-3FA54F83EC75}.Debug|Any CPU.Build.0 = Debug|Any CPU
		{C1067885-1DD3-43C5-955E-3FA54F83EC75}.Release|Any CPU.ActiveCfg = Release|Any CPU
		{C1067885-1DD3-43C5-955E-3FA54F83EC75}.Release|Any CPU.Build.0 = Release|Any CPU
		{18D7756D-624B-4BA1-B5DC-B872C493B620}.Debug|Any CPU.ActiveCfg = Debug|Any CPU
		{18D7756D-624B-4BA1-B5DC-B872C493B620}.Debug|Any CPU.Build.0 = Debug|Any CPU
		{18D7756D-624B-4BA1-B5DC-B872C493B620}.Release|Any CPU.ActiveCfg = Release|Any CPU
		{18D7756D-624B-4BA1-B5DC-B872C493B620}.Release|Any CPU.Build.0 = Release|Any CPU
		{72E816EA-6D04-4E8B-9D3C-46B23AD2F050}.Debug|Any CPU.ActiveCfg = Debug|Any CPU
		{72E816EA-6D04-4E8B-9D3C-46B23AD2F050}.Debug|Any CPU.Build.0 = Debug|Any CPU
		{72E816EA-6D04-4E8B-9D3C-46B23AD2F050}.Release|Any CPU.ActiveCfg = Release|Any CPU
		{72E816EA-6D04-4E8B-9D3C-46B23AD2F050}.Release|Any CPU.Build.0 = Release|Any CPU
		{726EFED3-6647-40CE-853D-319D9A8D04C4}.Debug|Any CPU.ActiveCfg = Debug|Any CPU
		{726EFED3-6647-40CE-853D-319D9A8D04C4}.Debug|Any CPU.Build.0 = Debug|Any CPU
		{726EFED3-6647-40CE-853D-319D9A8D04C4}.Release|Any CPU.ActiveCfg = Release|Any CPU
		{726EFED3-6647-40CE-853D-319D9A8D04C4}.Release|Any CPU.Build.0 = Release|Any CPU
		{A05107FE-DA0D-40DF-8DCE-EB1D6511CE02}.Debug|Any CPU.ActiveCfg = Debug|Any CPU
		{A05107FE-DA0D-40DF-8DCE-EB1D6511CE02}.Debug|Any CPU.Build.0 = Debug|Any CPU
		{A05107FE-DA0D-40DF-8DCE-EB1D6511CE02}.Release|Any CPU.ActiveCfg = Release|Any CPU
		{A05107FE-DA0D-40DF-8DCE-EB1D6511CE02}.Release|Any CPU.Build.0 = Release|Any CPU
		{0C927B4D-A745-4744-B4BC-742BE4D38C9B}.Debug|Any CPU.ActiveCfg = Debug|Any CPU
		{0C927B4D-A745-4744-B4BC-742BE4D38C9B}.Debug|Any CPU.Build.0 = Debug|Any CPU
		{0C927B4D-A745-4744-B4BC-742BE4D38C9B}.Release|Any CPU.ActiveCfg = Release|Any CPU
		{0C927B4D-A745-4744-B4BC-742BE4D38C9B}.Release|Any CPU.Build.0 = Release|Any CPU
		{D7F88E9C-0336-4F61-A0E7-4390E9B133B9}.Debug|Any CPU.ActiveCfg = Debug|Any CPU
		{D7F88E9C-0336-4F61-A0E7-4390E9B133B9}.Debug|Any CPU.Build.0 = Debug|Any CPU
		{D7F88E9C-0336-4F61-A0E7-4390E9B133B9}.Release|Any CPU.ActiveCfg = Release|Any CPU
		{D7F88E9C-0336-4F61-A0E7-4390E9B133B9}.Release|Any CPU.Build.0 = Release|Any CPU
		{768A80E0-8C17-4C90-BBD3-352A65D7C6D0}.Debug|Any CPU.ActiveCfg = Debug|Any CPU
		{768A80E0-8C17-4C90-BBD3-352A65D7C6D0}.Debug|Any CPU.Build.0 = Debug|Any CPU
		{768A80E0-8C17-4C90-BBD3-352A65D7C6D0}.Release|Any CPU.ActiveCfg = Release|Any CPU
		{768A80E0-8C17-4C90-BBD3-352A65D7C6D0}.Release|Any CPU.Build.0 = Release|Any CPU
		{14BF2D64-08A3-4669-8A12-8CD29902E7E4}.Debug|Any CPU.ActiveCfg = Debug|Any CPU
		{14BF2D64-08A3-4669-8A12-8CD29902E7E4}.Debug|Any CPU.Build.0 = Debug|Any CPU
		{14BF2D64-08A3-4669-8A12-8CD29902E7E4}.Release|Any CPU.ActiveCfg = Release|Any CPU
		{14BF2D64-08A3-4669-8A12-8CD29902E7E4}.Release|Any CPU.Build.0 = Release|Any CPU
		{C7B80007-2D4F-4DBF-9FD4-B2C2B5FBF237}.Debug|Any CPU.ActiveCfg = Debug|Any CPU
		{C7B80007-2D4F-4DBF-9FD4-B2C2B5FBF237}.Debug|Any CPU.Build.0 = Debug|Any CPU
		{C7B80007-2D4F-4DBF-9FD4-B2C2B5FBF237}.Release|Any CPU.ActiveCfg = Release|Any CPU
		{C7B80007-2D4F-4DBF-9FD4-B2C2B5FBF237}.Release|Any CPU.Build.0 = Release|Any CPU
		{A124941B-CE96-4C2F-94BF-415196046054}.Debug|Any CPU.ActiveCfg = Debug|Any CPU
		{A124941B-CE96-4C2F-94BF-415196046054}.Debug|Any CPU.Build.0 = Debug|Any CPU
		{A124941B-CE96-4C2F-94BF-415196046054}.Release|Any CPU.ActiveCfg = Release|Any CPU
		{A124941B-CE96-4C2F-94BF-415196046054}.Release|Any CPU.Build.0 = Release|Any CPU
		{5C300535-368C-45CF-B0A2-5EDA5E89D544}.Debug|Any CPU.ActiveCfg = Debug|Any CPU
		{5C300535-368C-45CF-B0A2-5EDA5E89D544}.Debug|Any CPU.Build.0 = Debug|Any CPU
		{5C300535-368C-45CF-B0A2-5EDA5E89D544}.Release|Any CPU.ActiveCfg = Release|Any CPU
		{5C300535-368C-45CF-B0A2-5EDA5E89D544}.Release|Any CPU.Build.0 = Release|Any CPU
		{FC6929B3-CC07-4B33-BE9D-A39BB317CAA3}.Debug|Any CPU.ActiveCfg = Debug|Any CPU
		{FC6929B3-CC07-4B33-BE9D-A39BB317CAA3}.Debug|Any CPU.Build.0 = Debug|Any CPU
		{FC6929B3-CC07-4B33-BE9D-A39BB317CAA3}.Release|Any CPU.ActiveCfg = Release|Any CPU
		{FC6929B3-CC07-4B33-BE9D-A39BB317CAA3}.Release|Any CPU.Build.0 = Release|Any CPU
		{36F356C7-BAAF-448B-828D-2CA8D3770D9E}.Debug|Any CPU.ActiveCfg = Debug|Any CPU
		{36F356C7-BAAF-448B-828D-2CA8D3770D9E}.Debug|Any CPU.Build.0 = Debug|Any CPU
		{36F356C7-BAAF-448B-828D-2CA8D3770D9E}.Release|Any CPU.ActiveCfg = Release|Any CPU
		{36F356C7-BAAF-448B-828D-2CA8D3770D9E}.Release|Any CPU.Build.0 = Release|Any CPU
		{4DFE59F9-F8E6-4194-B90E-56168B1B13E8}.Debug|Any CPU.ActiveCfg = Debug|Any CPU
		{4DFE59F9-F8E6-4194-B90E-56168B1B13E8}.Debug|Any CPU.Build.0 = Debug|Any CPU
		{4DFE59F9-F8E6-4194-B90E-56168B1B13E8}.Release|Any CPU.ActiveCfg = Release|Any CPU
		{4DFE59F9-F8E6-4194-B90E-56168B1B13E8}.Release|Any CPU.Build.0 = Release|Any CPU
		{6AF5856D-E9B5-4E3F-A5C7-91A2825F8B40}.Debug|Any CPU.ActiveCfg = Debug|Any CPU
		{6AF5856D-E9B5-4E3F-A5C7-91A2825F8B40}.Debug|Any CPU.Build.0 = Debug|Any CPU
		{6AF5856D-E9B5-4E3F-A5C7-91A2825F8B40}.Release|Any CPU.ActiveCfg = Release|Any CPU
		{6AF5856D-E9B5-4E3F-A5C7-91A2825F8B40}.Release|Any CPU.Build.0 = Release|Any CPU
		{7AAAE3D0-EB4F-4061-9B53-E287EE934914}.Debug|Any CPU.ActiveCfg = Debug|Any CPU
		{7AAAE3D0-EB4F-4061-9B53-E287EE934914}.Debug|Any CPU.Build.0 = Debug|Any CPU
		{7AAAE3D0-EB4F-4061-9B53-E287EE934914}.Release|Any CPU.ActiveCfg = Release|Any CPU
		{7AAAE3D0-EB4F-4061-9B53-E287EE934914}.Release|Any CPU.Build.0 = Release|Any CPU
		{0358C548-7182-4E24-93AB-67E736E6FA72}.Debug|Any CPU.ActiveCfg = Debug|Any CPU
		{0358C548-7182-4E24-93AB-67E736E6FA72}.Debug|Any CPU.Build.0 = Debug|Any CPU
		{0358C548-7182-4E24-93AB-67E736E6FA72}.Release|Any CPU.ActiveCfg = Release|Any CPU
		{0358C548-7182-4E24-93AB-67E736E6FA72}.Release|Any CPU.Build.0 = Release|Any CPU
		{80B6EDDA-1ECC-4931-BCE7-FEB28A1F403B}.Debug|Any CPU.ActiveCfg = Debug|Any CPU
		{80B6EDDA-1ECC-4931-BCE7-FEB28A1F403B}.Debug|Any CPU.Build.0 = Debug|Any CPU
		{80B6EDDA-1ECC-4931-BCE7-FEB28A1F403B}.Release|Any CPU.ActiveCfg = Release|Any CPU
		{80B6EDDA-1ECC-4931-BCE7-FEB28A1F403B}.Release|Any CPU.Build.0 = Release|Any CPU
		{F2E86507-5BE2-4A61-82C1-BDE719B3B1B6}.Debug|Any CPU.ActiveCfg = Debug|Any CPU
		{F2E86507-5BE2-4A61-82C1-BDE719B3B1B6}.Debug|Any CPU.Build.0 = Debug|Any CPU
		{F2E86507-5BE2-4A61-82C1-BDE719B3B1B6}.Release|Any CPU.ActiveCfg = Release|Any CPU
		{F2E86507-5BE2-4A61-82C1-BDE719B3B1B6}.Release|Any CPU.Build.0 = Release|Any CPU
		{80908B06-BEA4-4202-B3AD-6F0334F96653}.Debug|Any CPU.ActiveCfg = Debug|Any CPU
		{80908B06-BEA4-4202-B3AD-6F0334F96653}.Debug|Any CPU.Build.0 = Debug|Any CPU
		{80908B06-BEA4-4202-B3AD-6F0334F96653}.Release|Any CPU.ActiveCfg = Release|Any CPU
		{80908B06-BEA4-4202-B3AD-6F0334F96653}.Release|Any CPU.Build.0 = Release|Any CPU
		{1663A0E8-793C-44A3-9F41-018181E7A894}.Debug|Any CPU.ActiveCfg = Debug|Any CPU
		{1663A0E8-793C-44A3-9F41-018181E7A894}.Debug|Any CPU.Build.0 = Debug|Any CPU
		{1663A0E8-793C-44A3-9F41-018181E7A894}.Release|Any CPU.ActiveCfg = Release|Any CPU
		{1663A0E8-793C-44A3-9F41-018181E7A894}.Release|Any CPU.Build.0 = Release|Any CPU
		{43243E25-9008-427C-8A1A-5D060C73FBC2}.Debug|Any CPU.ActiveCfg = Debug|Any CPU
		{43243E25-9008-427C-8A1A-5D060C73FBC2}.Debug|Any CPU.Build.0 = Debug|Any CPU
		{43243E25-9008-427C-8A1A-5D060C73FBC2}.Release|Any CPU.ActiveCfg = Release|Any CPU
		{43243E25-9008-427C-8A1A-5D060C73FBC2}.Release|Any CPU.Build.0 = Release|Any CPU
		{3E242199-911B-4C0E-B404-CC3FB0F4E3E2}.Debug|Any CPU.ActiveCfg = Debug|Any CPU
		{3E242199-911B-4C0E-B404-CC3FB0F4E3E2}.Debug|Any CPU.Build.0 = Debug|Any CPU
		{3E242199-911B-4C0E-B404-CC3FB0F4E3E2}.Release|Any CPU.ActiveCfg = Release|Any CPU
		{3E242199-911B-4C0E-B404-CC3FB0F4E3E2}.Release|Any CPU.Build.0 = Release|Any CPU
		{BD4E60CB-155B-442F-BF61-180E62C8A062}.Debug|Any CPU.ActiveCfg = Debug|Any CPU
		{BD4E60CB-155B-442F-BF61-180E62C8A062}.Debug|Any CPU.Build.0 = Debug|Any CPU
		{BD4E60CB-155B-442F-BF61-180E62C8A062}.Release|Any CPU.ActiveCfg = Release|Any CPU
		{BD4E60CB-155B-442F-BF61-180E62C8A062}.Release|Any CPU.Build.0 = Release|Any CPU
		{141A1C86-1F2D-4308-A91B-BDD551DED115}.Debug|Any CPU.ActiveCfg = Debug|Any CPU
		{141A1C86-1F2D-4308-A91B-BDD551DED115}.Debug|Any CPU.Build.0 = Debug|Any CPU
		{141A1C86-1F2D-4308-A91B-BDD551DED115}.Release|Any CPU.ActiveCfg = Release|Any CPU
		{141A1C86-1F2D-4308-A91B-BDD551DED115}.Release|Any CPU.Build.0 = Release|Any CPU
		{AFC1DC90-9177-4DB1-9E1B-92BF6C12B6EC}.Debug|Any CPU.ActiveCfg = Debug|Any CPU
		{AFC1DC90-9177-4DB1-9E1B-92BF6C12B6EC}.Debug|Any CPU.Build.0 = Debug|Any CPU
		{AFC1DC90-9177-4DB1-9E1B-92BF6C12B6EC}.Release|Any CPU.ActiveCfg = Release|Any CPU
		{AFC1DC90-9177-4DB1-9E1B-92BF6C12B6EC}.Release|Any CPU.Build.0 = Release|Any CPU
		{01313A13-6831-4DD4-8CE2-73AF7683849E}.Debug|Any CPU.ActiveCfg = Debug|Any CPU
		{01313A13-6831-4DD4-8CE2-73AF7683849E}.Debug|Any CPU.Build.0 = Debug|Any CPU
		{01313A13-6831-4DD4-8CE2-73AF7683849E}.Release|Any CPU.ActiveCfg = Release|Any CPU
		{01313A13-6831-4DD4-8CE2-73AF7683849E}.Release|Any CPU.Build.0 = Release|Any CPU
		{CEDF6D61-B2A0-428D-B65E-81632BF2C5FD}.Debug|Any CPU.ActiveCfg = Debug|Any CPU
		{CEDF6D61-B2A0-428D-B65E-81632BF2C5FD}.Debug|Any CPU.Build.0 = Debug|Any CPU
		{CEDF6D61-B2A0-428D-B65E-81632BF2C5FD}.Release|Any CPU.ActiveCfg = Release|Any CPU
		{CEDF6D61-B2A0-428D-B65E-81632BF2C5FD}.Release|Any CPU.Build.0 = Release|Any CPU
		{445038EA-D26B-4BAE-87F7-57F8512B6A52}.Debug|Any CPU.ActiveCfg = Debug|Any CPU
		{445038EA-D26B-4BAE-87F7-57F8512B6A52}.Debug|Any CPU.Build.0 = Debug|Any CPU
		{445038EA-D26B-4BAE-87F7-57F8512B6A52}.Release|Any CPU.ActiveCfg = Release|Any CPU
		{445038EA-D26B-4BAE-87F7-57F8512B6A52}.Release|Any CPU.Build.0 = Release|Any CPU
		{A1E64E0B-74E1-4B52-A650-ECA6C5533FBA}.Debug|Any CPU.ActiveCfg = Debug|Any CPU
		{A1E64E0B-74E1-4B52-A650-ECA6C5533FBA}.Debug|Any CPU.Build.0 = Debug|Any CPU
		{A1E64E0B-74E1-4B52-A650-ECA6C5533FBA}.Release|Any CPU.ActiveCfg = Release|Any CPU
		{A1E64E0B-74E1-4B52-A650-ECA6C5533FBA}.Release|Any CPU.Build.0 = Release|Any CPU
		{B689D2CD-F93A-4CF4-9022-8BA2B16F64F3}.Debug|Any CPU.ActiveCfg = Debug|Any CPU
		{B689D2CD-F93A-4CF4-9022-8BA2B16F64F3}.Debug|Any CPU.Build.0 = Debug|Any CPU
		{B689D2CD-F93A-4CF4-9022-8BA2B16F64F3}.Release|Any CPU.ActiveCfg = Release|Any CPU
		{B689D2CD-F93A-4CF4-9022-8BA2B16F64F3}.Release|Any CPU.Build.0 = Release|Any CPU
		{CABE6963-3024-4A0D-9386-027A1C34D188}.Debug|Any CPU.ActiveCfg = Debug|Any CPU
		{CABE6963-3024-4A0D-9386-027A1C34D188}.Debug|Any CPU.Build.0 = Debug|Any CPU
		{CABE6963-3024-4A0D-9386-027A1C34D188}.Release|Any CPU.ActiveCfg = Release|Any CPU
		{CABE6963-3024-4A0D-9386-027A1C34D188}.Release|Any CPU.Build.0 = Release|Any CPU
		{D496F3FD-75B0-45A9-AEBC-81A305E863C7}.Debug|Any CPU.ActiveCfg = Debug|Any CPU
		{D496F3FD-75B0-45A9-AEBC-81A305E863C7}.Debug|Any CPU.Build.0 = Debug|Any CPU
		{D496F3FD-75B0-45A9-AEBC-81A305E863C7}.Release|Any CPU.ActiveCfg = Release|Any CPU
		{D496F3FD-75B0-45A9-AEBC-81A305E863C7}.Release|Any CPU.Build.0 = Release|Any CPU
		{63EC77B5-F11B-493F-9F5B-07EF67CC4012}.Debug|Any CPU.ActiveCfg = Debug|Any CPU
		{63EC77B5-F11B-493F-9F5B-07EF67CC4012}.Debug|Any CPU.Build.0 = Debug|Any CPU
		{63EC77B5-F11B-493F-9F5B-07EF67CC4012}.Release|Any CPU.ActiveCfg = Release|Any CPU
		{63EC77B5-F11B-493F-9F5B-07EF67CC4012}.Release|Any CPU.Build.0 = Release|Any CPU
		{0B4E2D33-1AE5-451C-B283-0AFBE8636D7D}.Debug|Any CPU.ActiveCfg = Debug|Any CPU
		{0B4E2D33-1AE5-451C-B283-0AFBE8636D7D}.Debug|Any CPU.Build.0 = Debug|Any CPU
		{0B4E2D33-1AE5-451C-B283-0AFBE8636D7D}.Release|Any CPU.ActiveCfg = Release|Any CPU
		{0B4E2D33-1AE5-451C-B283-0AFBE8636D7D}.Release|Any CPU.Build.0 = Release|Any CPU
		{F9D16A71-0174-4578-AF9B-F1F2065DDA44}.Debug|Any CPU.ActiveCfg = Debug|Any CPU
		{F9D16A71-0174-4578-AF9B-F1F2065DDA44}.Debug|Any CPU.Build.0 = Debug|Any CPU
		{F9D16A71-0174-4578-AF9B-F1F2065DDA44}.Release|Any CPU.ActiveCfg = Release|Any CPU
		{F9D16A71-0174-4578-AF9B-F1F2065DDA44}.Release|Any CPU.Build.0 = Release|Any CPU
		{7D363A8D-D03A-4D9F-ACA1-420D31576CFF}.Debug|Any CPU.ActiveCfg = Debug|Any CPU
		{7D363A8D-D03A-4D9F-ACA1-420D31576CFF}.Debug|Any CPU.Build.0 = Debug|Any CPU
		{7D363A8D-D03A-4D9F-ACA1-420D31576CFF}.Release|Any CPU.ActiveCfg = Release|Any CPU
		{7D363A8D-D03A-4D9F-ACA1-420D31576CFF}.Release|Any CPU.Build.0 = Release|Any CPU
		{F18A169E-5FC2-45FB-9320-A7562DC01484}.Debug|Any CPU.ActiveCfg = Debug|Any CPU
		{F18A169E-5FC2-45FB-9320-A7562DC01484}.Debug|Any CPU.Build.0 = Debug|Any CPU
		{F18A169E-5FC2-45FB-9320-A7562DC01484}.Release|Any CPU.ActiveCfg = Release|Any CPU
		{F18A169E-5FC2-45FB-9320-A7562DC01484}.Release|Any CPU.Build.0 = Release|Any CPU
		{66B93242-BD76-4B56-93E6-E8C21283D18E}.Debug|Any CPU.ActiveCfg = Debug|Any CPU
		{66B93242-BD76-4B56-93E6-E8C21283D18E}.Debug|Any CPU.Build.0 = Debug|Any CPU
		{66B93242-BD76-4B56-93E6-E8C21283D18E}.Release|Any CPU.ActiveCfg = Release|Any CPU
		{66B93242-BD76-4B56-93E6-E8C21283D18E}.Release|Any CPU.Build.0 = Release|Any CPU
		{FA80F494-590E-4667-B128-452C687F012E}.Debug|Any CPU.ActiveCfg = Debug|Any CPU
		{FA80F494-590E-4667-B128-452C687F012E}.Debug|Any CPU.Build.0 = Debug|Any CPU
		{FA80F494-590E-4667-B128-452C687F012E}.Release|Any CPU.ActiveCfg = Release|Any CPU
		{FA80F494-590E-4667-B128-452C687F012E}.Release|Any CPU.Build.0 = Release|Any CPU
		{2BADBDF9-73A6-473C-973F-362B81D2E9E8}.Debug|Any CPU.ActiveCfg = Debug|Any CPU
		{2BADBDF9-73A6-473C-973F-362B81D2E9E8}.Debug|Any CPU.Build.0 = Debug|Any CPU
		{2BADBDF9-73A6-473C-973F-362B81D2E9E8}.Release|Any CPU.ActiveCfg = Release|Any CPU
		{2BADBDF9-73A6-473C-973F-362B81D2E9E8}.Release|Any CPU.Build.0 = Release|Any CPU
		{7163474D-9FBF-4452-93B1-3FA961B691D8}.Debug|Any CPU.ActiveCfg = Debug|Any CPU
		{7163474D-9FBF-4452-93B1-3FA961B691D8}.Debug|Any CPU.Build.0 = Debug|Any CPU
		{7163474D-9FBF-4452-93B1-3FA961B691D8}.Release|Any CPU.ActiveCfg = Release|Any CPU
		{7163474D-9FBF-4452-93B1-3FA961B691D8}.Release|Any CPU.Build.0 = Release|Any CPU
		{84B61A42-DACC-4290-889F-368DF3BE3A22}.Debug|Any CPU.ActiveCfg = Debug|Any CPU
		{84B61A42-DACC-4290-889F-368DF3BE3A22}.Debug|Any CPU.Build.0 = Debug|Any CPU
		{84B61A42-DACC-4290-889F-368DF3BE3A22}.Release|Any CPU.ActiveCfg = Release|Any CPU
		{84B61A42-DACC-4290-889F-368DF3BE3A22}.Release|Any CPU.Build.0 = Release|Any CPU
		{04144FD4-A469-4D8B-9E04-DA35A5E992D5}.Debug|Any CPU.ActiveCfg = Debug|Any CPU
		{04144FD4-A469-4D8B-9E04-DA35A5E992D5}.Debug|Any CPU.Build.0 = Debug|Any CPU
		{04144FD4-A469-4D8B-9E04-DA35A5E992D5}.Release|Any CPU.ActiveCfg = Release|Any CPU
		{04144FD4-A469-4D8B-9E04-DA35A5E992D5}.Release|Any CPU.Build.0 = Release|Any CPU
		{5CBED1F3-43A0-43EC-A258-89947096B7F7}.Debug|Any CPU.ActiveCfg = Debug|Any CPU
		{5CBED1F3-43A0-43EC-A258-89947096B7F7}.Debug|Any CPU.Build.0 = Debug|Any CPU
		{5CBED1F3-43A0-43EC-A258-89947096B7F7}.Release|Any CPU.ActiveCfg = Release|Any CPU
		{5CBED1F3-43A0-43EC-A258-89947096B7F7}.Release|Any CPU.Build.0 = Release|Any CPU
		{F1E243AE-2141-4273-BD55-EA6EF7D3371B}.Debug|Any CPU.ActiveCfg = Debug|Any CPU
		{F1E243AE-2141-4273-BD55-EA6EF7D3371B}.Debug|Any CPU.Build.0 = Debug|Any CPU
		{F1E243AE-2141-4273-BD55-EA6EF7D3371B}.Release|Any CPU.ActiveCfg = Release|Any CPU
		{F1E243AE-2141-4273-BD55-EA6EF7D3371B}.Release|Any CPU.Build.0 = Release|Any CPU
	EndGlobalSection
	GlobalSection(SolutionProperties) = preSolution
		HideSolutionNode = FALSE
	EndGlobalSection
	GlobalSection(NestedProjects) = preSolution
		{231F5146-1960-4A6B-9C2D-A0FB856CA10B} = {21ABB24C-D0D1-4889-B16B-545492CC2E39}
		{255609EF-9A02-4004-8C41-DC531CCEEB13} = {8C5DB7A7-B780-476A-8FA3-F409BDA58796}
		{E89374DA-797D-46A3-9A93-3A7DFEA8DA7D} = {8C5DB7A7-B780-476A-8FA3-F409BDA58796}
		{AD63AFD6-ACE8-4CBD-AFDC-2E9FA74A12D8} = {8C5DB7A7-B780-476A-8FA3-F409BDA58796}
		{3A66DF3C-6ABD-49F1-9688-75BA3C56E222} = {21ABB24C-D0D1-4889-B16B-545492CC2E39}
		{49C1B6FD-CC20-47F2-B13D-3095BF50E7B0} = {21ABB24C-D0D1-4889-B16B-545492CC2E39}
		{7095024C-7AD2-4ED0-BCA2-A4DAC739B886} = {21ABB24C-D0D1-4889-B16B-545492CC2E39}
		{2ED57FC3-E985-4684-AE41-4DB22377B222} = {EF00F23D-ADDB-4BE0-929A-11D79CDBB15F}
		{F00D3629-8092-4373-8C76-0258BC379EBD} = {2ED57FC3-E985-4684-AE41-4DB22377B222}
		{C61FFEC0-0A23-4111-9824-213562AD878D} = {2ED57FC3-E985-4684-AE41-4DB22377B222}
		{C1067885-1DD3-43C5-955E-3FA54F83EC75} = {3BC84215-6DCA-417C-8E28-D7AC4F7A4874}
		{18D7756D-624B-4BA1-B5DC-B872C493B620} = {3BC84215-6DCA-417C-8E28-D7AC4F7A4874}
		{3BC84215-6DCA-417C-8E28-D7AC4F7A4874} = {07E0FCCD-690F-4477-AAB7-BD46305DD810}
		{5336213B-4A59-4B58-B3E6-5CAB994DEEC2} = {07E0FCCD-690F-4477-AAB7-BD46305DD810}
		{72E816EA-6D04-4E8B-9D3C-46B23AD2F050} = {5336213B-4A59-4B58-B3E6-5CAB994DEEC2}
		{32E93838-4103-4CE6-B493-A8C0B96DDAA9} = {07E0FCCD-690F-4477-AAB7-BD46305DD810}
		{726EFED3-6647-40CE-853D-319D9A8D04C4} = {32E93838-4103-4CE6-B493-A8C0B96DDAA9}
		{A424E2D8-6B82-4C3C-BEC2-AC5BB2446547} = {EF00F23D-ADDB-4BE0-929A-11D79CDBB15F}
		{A05107FE-DA0D-40DF-8DCE-EB1D6511CE02} = {DB0CC104-F4C9-4B93-86C0-45998637B26F}
		{DB0CC104-F4C9-4B93-86C0-45998637B26F} = {A424E2D8-6B82-4C3C-BEC2-AC5BB2446547}
		{DE624685-859D-4E52-9288-4F992D626EA0} = {A424E2D8-6B82-4C3C-BEC2-AC5BB2446547}
		{0C927B4D-A745-4744-B4BC-742BE4D38C9B} = {DE624685-859D-4E52-9288-4F992D626EA0}
		{D7F88E9C-0336-4F61-A0E7-4390E9B133B9} = {ACE91DCD-67F5-46E1-AD75-BFFAB830C79B}
		{768A80E0-8C17-4C90-BBD3-352A65D7C6D0} = {7C77898A-0548-4C84-ADB3-A5A6ECCA0BFD}
		{14BF2D64-08A3-4669-8A12-8CD29902E7E4} = {7C77898A-0548-4C84-ADB3-A5A6ECCA0BFD}
		{C7B80007-2D4F-4DBF-9FD4-B2C2B5FBF237} = {21ABB24C-D0D1-4889-B16B-545492CC2E39}
		{B0126122-8F73-4903-9284-0903EB01CCB4} = {1E6AF5C7-83F9-41AD-A892-F430368071A5}
		{A124941B-CE96-4C2F-94BF-415196046054} = {B0126122-8F73-4903-9284-0903EB01CCB4}
		{343C5AF5-FC5A-4DB1-96E4-52B839A823B5} = {EF00F23D-ADDB-4BE0-929A-11D79CDBB15F}
		{5C300535-368C-45CF-B0A2-5EDA5E89D544} = {343C5AF5-FC5A-4DB1-96E4-52B839A823B5}
		{FC6929B3-CC07-4B33-BE9D-A39BB317CAA3} = {A41FD7DC-B4EA-4630-934F-E3B81F646251}
		{7D4516AD-69AB-472D-89C2-3BECF2A9CBD4} = {EF00F23D-ADDB-4BE0-929A-11D79CDBB15F}
		{36F356C7-BAAF-448B-828D-2CA8D3770D9E} = {7D4516AD-69AB-472D-89C2-3BECF2A9CBD4}
		{4DFE59F9-F8E6-4194-B90E-56168B1B13E8} = {7D4516AD-69AB-472D-89C2-3BECF2A9CBD4}
		{6AF5856D-E9B5-4E3F-A5C7-91A2825F8B40} = {32F1F943-9C4E-4ABE-AC99-D6CC299DB08A}
		{7AAAE3D0-EB4F-4061-9B53-E287EE934914} = {32F1F943-9C4E-4ABE-AC99-D6CC299DB08A}
		{32F1F943-9C4E-4ABE-AC99-D6CC299DB08A} = {46BFC615-34BA-4692-9201-74C90E375B78}
		{AAB37360-BE16-41CC-9D61-0882C3874D3C} = {46BFC615-34BA-4692-9201-74C90E375B78}
		{0358C548-7182-4E24-93AB-67E736E6FA72} = {AAB37360-BE16-41CC-9D61-0882C3874D3C}
		{80B6EDDA-1ECC-4931-BCE7-FEB28A1F403B} = {F75B2A65-B0D8-409B-8454-5478FF3D3A0B}
		{129206FC-6305-4B04-90FA-B6E61F86EE89} = {7C77898A-0548-4C84-ADB3-A5A6ECCA0BFD}
		{F2E86507-5BE2-4A61-82C1-BDE719B3B1B6} = {129206FC-6305-4B04-90FA-B6E61F86EE89}
		{8830BD12-6250-4474-9AE4-157C09560AD4} = {7C77898A-0548-4C84-ADB3-A5A6ECCA0BFD}
		{80908B06-BEA4-4202-B3AD-6F0334F96653} = {8830BD12-6250-4474-9AE4-157C09560AD4}
		{21ABB24C-D0D1-4889-B16B-545492CC2E39} = {1E6AF5C7-83F9-41AD-A892-F430368071A5}
		{F75B2A65-B0D8-409B-8454-5478FF3D3A0B} = {7C77898A-0548-4C84-ADB3-A5A6ECCA0BFD}
		{1663A0E8-793C-44A3-9F41-018181E7A894} = {3BC84215-6DCA-417C-8E28-D7AC4F7A4874}
		{43243E25-9008-427C-8A1A-5D060C73FBC2} = {343C5AF5-FC5A-4DB1-96E4-52B839A823B5}
		{3E242199-911B-4C0E-B404-CC3FB0F4E3E2} = {21ABB24C-D0D1-4889-B16B-545492CC2E39}
		{BD4E60CB-155B-442F-BF61-180E62C8A062} = {20E121D3-F09E-4FC9-9469-067EEC4CC388}
		{B74472AC-AC8A-4446-BDF6-73D28AA701C1} = {1E6AF5C7-83F9-41AD-A892-F430368071A5}
		{141A1C86-1F2D-4308-A91B-BDD551DED115} = {B74472AC-AC8A-4446-BDF6-73D28AA701C1}
		{AFC1DC90-9177-4DB1-9E1B-92BF6C12B6EC} = {20E121D3-F09E-4FC9-9469-067EEC4CC388}
		{20E121D3-F09E-4FC9-9469-067EEC4CC388} = {07E0FCCD-690F-4477-AAB7-BD46305DD810}
		{01313A13-6831-4DD4-8CE2-73AF7683849E} = {20E121D3-F09E-4FC9-9469-067EEC4CC388}
		{CEDF6D61-B2A0-428D-B65E-81632BF2C5FD} = {2ED57FC3-E985-4684-AE41-4DB22377B222}
		{B219CB7F-CDA5-4307-A8DA-5B74B088CD08} = {07E0FCCD-690F-4477-AAB7-BD46305DD810}
		{445038EA-D26B-4BAE-87F7-57F8512B6A52} = {B219CB7F-CDA5-4307-A8DA-5B74B088CD08}
		{A1E64E0B-74E1-4B52-A650-ECA6C5533FBA} = {B219CB7F-CDA5-4307-A8DA-5B74B088CD08}
		{B689D2CD-F93A-4CF4-9022-8BA2B16F64F3} = {B219CB7F-CDA5-4307-A8DA-5B74B088CD08}
		{CABE6963-3024-4A0D-9386-027A1C34D188} = {F5626574-62C3-4B17-A106-6C09C8FCA9B1}
		{D496F3FD-75B0-45A9-AEBC-81A305E863C7} = {B0126122-8F73-4903-9284-0903EB01CCB4}
		{63EC77B5-F11B-493F-9F5B-07EF67CC4012} = {3BC84215-6DCA-417C-8E28-D7AC4F7A4874}
		{0B4E2D33-1AE5-451C-B283-0AFBE8636D7D} = {21ABB24C-D0D1-4889-B16B-545492CC2E39}
		{F9D16A71-0174-4578-AF9B-F1F2065DDA44} = {21ABB24C-D0D1-4889-B16B-545492CC2E39}
		{A41FD7DC-B4EA-4630-934F-E3B81F646251} = {343C5AF5-FC5A-4DB1-96E4-52B839A823B5}
		{7D363A8D-D03A-4D9F-ACA1-420D31576CFF} = {21ABB24C-D0D1-4889-B16B-545492CC2E39}
		{F18A169E-5FC2-45FB-9320-A7562DC01484} = {A41FD7DC-B4EA-4630-934F-E3B81F646251}
		{66B93242-BD76-4B56-93E6-E8C21283D18E} = {58CECC69-A7BC-4866-845D-42EFAA34EF1D}
		{FA80F494-590E-4667-B128-452C687F012E} = {450A562F-0BAF-4D89-B207-6F92568B8A1D}
		{2BADBDF9-73A6-473C-973F-362B81D2E9E8} = {3BC84215-6DCA-417C-8E28-D7AC4F7A4874}
		{7163474D-9FBF-4452-93B1-3FA961B691D8} = {F5626574-62C3-4B17-A106-6C09C8FCA9B1}
		{84B61A42-DACC-4290-889F-368DF3BE3A22} = {F5626574-62C3-4B17-A106-6C09C8FCA9B1}
		{5CBED1F3-43A0-43EC-A258-89947096B7F7} = {2ED57FC3-E985-4684-AE41-4DB22377B222}
		{F1E243AE-2141-4273-BD55-EA6EF7D3371B} = {2ED57FC3-E985-4684-AE41-4DB22377B222}
	EndGlobalSection
	GlobalSection(ExtensibilityGlobals) = postSolution
		SolutionGuid = {7844FAA0-88C8-4C66-893C-89EE6B08EE2B}
	EndGlobalSection
EndGlobal
